
Microsoft Visual Studio Solution File, Format Version 12.00
# Visual Studio Version 16
VisualStudioVersion = 16.0.30128.74
MinimumVisualStudioVersion = 10.0.40219.1
Project("{FAE04EC0-301F-11D3-BF4B-00C04F79EFBC}") = "assignment-page-99", "assignment-page-99\assignment-page-99.csproj", "{D6F70D0A-543C-49D0-ADD8-F56924B3EDF1}"
EndProject
Global
	GlobalSection(SolutionConfigurationPlatforms) = preSolution
		Debug|Any CPU = Debug|Any CPU
		Release|Any CPU = Release|Any CPU
	EndGlobalSection
	GlobalSection(ProjectConfigurationPlatforms) = postSolution
		{D6F70D0A-543C-49D0-ADD8-F56924B3EDF1}.Debug|Any CPU.ActiveCfg = Debug|Any CPU
		{D6F70D0A-543C-49D0-ADD8-F56924B3EDF1}.Debug|Any CPU.Build.0 = Debug|Any CPU
		{D6F70D0A-543C-49D0-ADD8-F56924B3EDF1}.Release|Any CPU.ActiveCfg = Release|Any CPU
		{D6F70D0A-543C-49D0-ADD8-F56924B3EDF1}.Release|Any CPU.Build.0 = Release|Any CPU
	EndGlobalSection
	GlobalSection(SolutionProperties) = preSolution
		HideSolutionNode = FALSE
	EndGlobalSection
	GlobalSection(ExtensibilityGlobals) = postSolution
		SolutionGuid = {2BBA0622-E2FD-4702-9800-A109B25B4465}
	EndGlobalSection
EndGlobal
