
Microsoft Visual Studio Solution File, Format Version 12.00
# Visual Studio Version 16
VisualStudioVersion = 16.0.30128.74
MinimumVisualStudioVersion = 10.0.40219.1
Project("{FAE04EC0-301F-11D3-BF4B-00C04F79EFBC}") = "assignment-page-137", "assignment-page-137\assignment-page-137.csproj", "{041CBF71-688B-4975-BB9D-E2C5B4E0A347}"
EndProject
Global
	GlobalSection(SolutionConfigurationPlatforms) = preSolution
		Debug|Any CPU = Debug|Any CPU
		Release|Any CPU = Release|Any CPU
	EndGlobalSection
	GlobalSection(ProjectConfigurationPlatforms) = postSolution
		{041CBF71-688B-4975-BB9D-E2C5B4E0A347}.Debug|Any CPU.ActiveCfg = Debug|Any CPU
		{041CBF71-688B-4975-BB9D-E2C5B4E0A347}.Debug|Any CPU.Build.0 = Debug|Any CPU
		{041CBF71-688B-4975-BB9D-E2C5B4E0A347}.Release|Any CPU.ActiveCfg = Release|Any CPU
		{041CBF71-688B-4975-BB9D-E2C5B4E0A347}.Release|Any CPU.Build.0 = Release|Any CPU
	EndGlobalSection
	GlobalSection(SolutionProperties) = preSolution
		HideSolutionNode = FALSE
	EndGlobalSection
	GlobalSection(ExtensibilityGlobals) = postSolution
		SolutionGuid = {78434111-0A85-4F54-9ADC-2A12CB365968}
	EndGlobalSection
EndGlobal
