
Microsoft Visual Studio Solution File, Format Version 12.00
# Visual Studio Version 16
VisualStudioVersion = 16.0.30128.74
MinimumVisualStudioVersion = 10.0.40219.1
Project("{FAE04EC0-301F-11D3-BF4B-00C04F79EFBC}") = "assignment-page-146", "assignment-page-146\assignment-page-146.csproj", "{87F79D8F-34AC-4C57-82A1-523200B35524}"
EndProject
Global
	GlobalSection(SolutionConfigurationPlatforms) = preSolution
		Debug|Any CPU = Debug|Any CPU
		Release|Any CPU = Release|Any CPU
	EndGlobalSection
	GlobalSection(ProjectConfigurationPlatforms) = postSolution
		{87F79D8F-34AC-4C57-82A1-523200B35524}.Debug|Any CPU.ActiveCfg = Debug|Any CPU
		{87F79D8F-34AC-4C57-82A1-523200B35524}.Debug|Any CPU.Build.0 = Debug|Any CPU
		{87F79D8F-34AC-4C57-82A1-523200B35524}.Release|Any CPU.ActiveCfg = Release|Any CPU
		{87F79D8F-34AC-4C57-82A1-523200B35524}.Release|Any CPU.Build.0 = Release|Any CPU
	EndGlobalSection
	GlobalSection(SolutionProperties) = preSolution
		HideSolutionNode = FALSE
	EndGlobalSection
	GlobalSection(ExtensibilityGlobals) = postSolution
		SolutionGuid = {675F38D6-8A49-4306-9697-1F841DC72BD3}
	EndGlobalSection
EndGlobal
