
Microsoft Visual Studio Solution File, Format Version 12.00
# Visual Studio Version 16
VisualStudioVersion = 16.0.30128.74
MinimumVisualStudioVersion = 10.0.40219.1
Project("{FAE04EC0-301F-11D3-BF4B-00C04F79EFBC}") = "assignment-page-143", "assignment-page-143\assignment-page-143.csproj", "{7F71123B-5315-47D7-8F12-6E30DF513062}"
EndProject
Global
	GlobalSection(SolutionConfigurationPlatforms) = preSolution
		Debug|Any CPU = Debug|Any CPU
		Release|Any CPU = Release|Any CPU
	EndGlobalSection
	GlobalSection(ProjectConfigurationPlatforms) = postSolution
		{7F71123B-5315-47D7-8F12-6E30DF513062}.Debug|Any CPU.ActiveCfg = Debug|Any CPU
		{7F71123B-5315-47D7-8F12-6E30DF513062}.Debug|Any CPU.Build.0 = Debug|Any CPU
		{7F71123B-5315-47D7-8F12-6E30DF513062}.Release|Any CPU.ActiveCfg = Release|Any CPU
		{7F71123B-5315-47D7-8F12-6E30DF513062}.Release|Any CPU.Build.0 = Release|Any CPU
	EndGlobalSection
	GlobalSection(SolutionProperties) = preSolution
		HideSolutionNode = FALSE
	EndGlobalSection
	GlobalSection(ExtensibilityGlobals) = postSolution
		SolutionGuid = {448C6AEA-1F75-4082-B605-3FC115C5694A}
	EndGlobalSection
EndGlobal
