
Microsoft Visual Studio Solution File, Format Version 12.00
# Visual Studio Version 16
VisualStudioVersion = 16.0.30128.74
MinimumVisualStudioVersion = 10.0.40219.1
Project("{FAE04EC0-301F-11D3-BF4B-00C04F79EFBC}") = "assignment-page-138", "assignment-page-138\assignment-page-138.csproj", "{55C96497-539D-42CA-B688-D8138462945E}"
EndProject
Global
	GlobalSection(SolutionConfigurationPlatforms) = preSolution
		Debug|Any CPU = Debug|Any CPU
		Release|Any CPU = Release|Any CPU
	EndGlobalSection
	GlobalSection(ProjectConfigurationPlatforms) = postSolution
		{55C96497-539D-42CA-B688-D8138462945E}.Debug|Any CPU.ActiveCfg = Debug|Any CPU
		{55C96497-539D-42CA-B688-D8138462945E}.Debug|Any CPU.Build.0 = Debug|Any CPU
		{55C96497-539D-42CA-B688-D8138462945E}.Release|Any CPU.ActiveCfg = Release|Any CPU
		{55C96497-539D-42CA-B688-D8138462945E}.Release|Any CPU.Build.0 = Release|Any CPU
	EndGlobalSection
	GlobalSection(SolutionProperties) = preSolution
		HideSolutionNode = FALSE
	EndGlobalSection
	GlobalSection(ExtensibilityGlobals) = postSolution
		SolutionGuid = {C93ED779-1C32-4D3D-B076-5415D6C19C41}
	EndGlobalSection
EndGlobal
