
Microsoft Visual Studio Solution File, Format Version 12.00
# Visual Studio Version 16
VisualStudioVersion = 16.0.30128.74
MinimumVisualStudioVersion = 10.0.40219.1
Project("{FAE04EC0-301F-11D3-BF4B-00C04F79EFBC}") = "assignment-page-116", "assignment-page-116\assignment-page-116.csproj", "{39D2B1D1-D503-4BFB-890B-848D5A40BC97}"
EndProject
Global
	GlobalSection(SolutionConfigurationPlatforms) = preSolution
		Debug|Any CPU = Debug|Any CPU
		Release|Any CPU = Release|Any CPU
	EndGlobalSection
	GlobalSection(ProjectConfigurationPlatforms) = postSolution
		{39D2B1D1-D503-4BFB-890B-848D5A40BC97}.Debug|Any CPU.ActiveCfg = Debug|Any CPU
		{39D2B1D1-D503-4BFB-890B-848D5A40BC97}.Debug|Any CPU.Build.0 = Debug|Any CPU
		{39D2B1D1-D503-4BFB-890B-848D5A40BC97}.Release|Any CPU.ActiveCfg = Release|Any CPU
		{39D2B1D1-D503-4BFB-890B-848D5A40BC97}.Release|Any CPU.Build.0 = Release|Any CPU
	EndGlobalSection
	GlobalSection(SolutionProperties) = preSolution
		HideSolutionNode = FALSE
	EndGlobalSection
	GlobalSection(ExtensibilityGlobals) = postSolution
		SolutionGuid = {47B425AE-057F-4F5B-923C-4EC42FED0209}
	EndGlobalSection
EndGlobal
