
Microsoft Visual Studio Solution File, Format Version 12.00
# Visual Studio Version 16
VisualStudioVersion = 16.0.30128.74
MinimumVisualStudioVersion = 10.0.40219.1
Project("{FAE04EC0-301F-11D3-BF4B-00C04F79EFBC}") = "assignment-page-219", "assignment-page-219\assignment-page-219.csproj", "{56862727-1A41-4517-B3F2-A40A5585B745}"
EndProject
Global
	GlobalSection(SolutionConfigurationPlatforms) = preSolution
		Debug|Any CPU = Debug|Any CPU
		Release|Any CPU = Release|Any CPU
	EndGlobalSection
	GlobalSection(ProjectConfigurationPlatforms) = postSolution
		{56862727-1A41-4517-B3F2-A40A5585B745}.Debug|Any CPU.ActiveCfg = Debug|Any CPU
		{56862727-1A41-4517-B3F2-A40A5585B745}.Debug|Any CPU.Build.0 = Debug|Any CPU
		{56862727-1A41-4517-B3F2-A40A5585B745}.Release|Any CPU.ActiveCfg = Release|Any CPU
		{56862727-1A41-4517-B3F2-A40A5585B745}.Release|Any CPU.Build.0 = Release|Any CPU
	EndGlobalSection
	GlobalSection(SolutionProperties) = preSolution
		HideSolutionNode = FALSE
	EndGlobalSection
	GlobalSection(ExtensibilityGlobals) = postSolution
		SolutionGuid = {876C1014-245E-4263-AF2E-29A15BBB8CB4}
	EndGlobalSection
EndGlobal
