
Microsoft Visual Studio Solution File, Format Version 12.00
# Visual Studio Version 16
VisualStudioVersion = 16.0.30128.74
MinimumVisualStudioVersion = 10.0.40219.1
Project("{FAE04EC0-301F-11D3-BF4B-00C04F79EFBC}") = "assignment-page-165", "assignment-page-165\assignment-page-165.csproj", "{ECB983DE-F2B5-4C90-B3D0-6E242CA3A5D1}"
EndProject
Global
	GlobalSection(SolutionConfigurationPlatforms) = preSolution
		Debug|Any CPU = Debug|Any CPU
		Release|Any CPU = Release|Any CPU
	EndGlobalSection
	GlobalSection(ProjectConfigurationPlatforms) = postSolution
		{ECB983DE-F2B5-4C90-B3D0-6E242CA3A5D1}.Debug|Any CPU.ActiveCfg = Debug|Any CPU
		{ECB983DE-F2B5-4C90-B3D0-6E242CA3A5D1}.Debug|Any CPU.Build.0 = Debug|Any CPU
		{ECB983DE-F2B5-4C90-B3D0-6E242CA3A5D1}.Release|Any CPU.ActiveCfg = Release|Any CPU
		{ECB983DE-F2B5-4C90-B3D0-6E242CA3A5D1}.Release|Any CPU.Build.0 = Release|Any CPU
	EndGlobalSection
	GlobalSection(SolutionProperties) = preSolution
		HideSolutionNode = FALSE
	EndGlobalSection
	GlobalSection(ExtensibilityGlobals) = postSolution
		SolutionGuid = {7A0E035B-9805-433B-BA77-C94E2D282DCD}
	EndGlobalSection
EndGlobal
