
Microsoft Visual Studio Solution File, Format Version 12.00
# Visual Studio Version 16
VisualStudioVersion = 16.0.30128.74
MinimumVisualStudioVersion = 10.0.40219.1
Project("{FAE04EC0-301F-11D3-BF4B-00C04F79EFBC}") = "assignment-page-200", "assignment-page-200\assignment-page-200.csproj", "{5FDCF75B-7D9B-4F23-B3A3-0CFBA2035639}"
EndProject
Global
	GlobalSection(SolutionConfigurationPlatforms) = preSolution
		Debug|Any CPU = Debug|Any CPU
		Release|Any CPU = Release|Any CPU
	EndGlobalSection
	GlobalSection(ProjectConfigurationPlatforms) = postSolution
		{5FDCF75B-7D9B-4F23-B3A3-0CFBA2035639}.Debug|Any CPU.ActiveCfg = Debug|Any CPU
		{5FDCF75B-7D9B-4F23-B3A3-0CFBA2035639}.Debug|Any CPU.Build.0 = Debug|Any CPU
		{5FDCF75B-7D9B-4F23-B3A3-0CFBA2035639}.Release|Any CPU.ActiveCfg = Release|Any CPU
		{5FDCF75B-7D9B-4F23-B3A3-0CFBA2035639}.Release|Any CPU.Build.0 = Release|Any CPU
	EndGlobalSection
	GlobalSection(SolutionProperties) = preSolution
		HideSolutionNode = FALSE
	EndGlobalSection
	GlobalSection(ExtensibilityGlobals) = postSolution
		SolutionGuid = {9DB20FF0-5667-444F-8E25-EE83D6964447}
	EndGlobalSection
EndGlobal
