
Microsoft Visual Studio Solution File, Format Version 12.00
# Visual Studio Version 16
VisualStudioVersion = 16.0.30128.74
MinimumVisualStudioVersion = 10.0.40219.1
Project("{FAE04EC0-301F-11D3-BF4B-00C04F79EFBC}") = "assignment-page-144", "assignment-page-144\assignment-page-144.csproj", "{C1361018-1000-4F62-AE50-0AAE1757B214}"
EndProject
Global
	GlobalSection(SolutionConfigurationPlatforms) = preSolution
		Debug|Any CPU = Debug|Any CPU
		Release|Any CPU = Release|Any CPU
	EndGlobalSection
	GlobalSection(ProjectConfigurationPlatforms) = postSolution
		{C1361018-1000-4F62-AE50-0AAE1757B214}.Debug|Any CPU.ActiveCfg = Debug|Any CPU
		{C1361018-1000-4F62-AE50-0AAE1757B214}.Debug|Any CPU.Build.0 = Debug|Any CPU
		{C1361018-1000-4F62-AE50-0AAE1757B214}.Release|Any CPU.ActiveCfg = Release|Any CPU
		{C1361018-1000-4F62-AE50-0AAE1757B214}.Release|Any CPU.Build.0 = Release|Any CPU
	EndGlobalSection
	GlobalSection(SolutionProperties) = preSolution
		HideSolutionNode = FALSE
	EndGlobalSection
	GlobalSection(ExtensibilityGlobals) = postSolution
		SolutionGuid = {BBC94D4A-DDF5-4EC6-B62B-0FE0C1B2FBD2}
	EndGlobalSection
EndGlobal
